<?xml version="1.0" encoding="utf-8"?>
<Project ToolsVersion="4.0" xmlns="http://schemas.microsoft.com/developer/msbuild/2003">
  <ItemGroup>
    <Filter Include="Lisa">
      <UniqueIdentifier>{2E8A887C-1AC1-890D-C3AD-6F10AFC3050F}</UniqueIdentifier>
    </Filter>
    <Filter Include="Lisa\Events">
      <UniqueIdentifier>{523693CF-BEEB-0BC5-47E0-059CB39402C9}</UniqueIdentifier>
    </Filter>
    <Filter Include="Platform">
      <UniqueIdentifier>{d4576d22-c562-486f-b95b-fd997cdd9e82}</UniqueIdentifier>
    </Filter>
    <Filter Include="Platform\Windows">
      <UniqueIdentifier>{74a354dd-0f2f-4cbb-a03f-88dd2936d82f}</UniqueIdentifier>
    </Filter>
  </ItemGroup>
  <ItemGroup>
    <ClInclude Include="src\Lisa.h" />
    <ClInclude Include="src\Lisa\Application.h">
      <Filter>Lisa</Filter>
    </ClInclude>
    <ClInclude Include="src\Lisa\Core.h">
      <Filter>Lisa</Filter>
    </ClInclude>
    <ClInclude Include="src\Lisa\EntryPoint.h">
      <Filter>Lisa</Filter>
    </ClInclude>
    <ClInclude Include="src\Lisa\Events\ApplicationEvent.h">
      <Filter>Lisa\Events</Filter>
    </ClInclude>
    <ClInclude Include="src\Lisa\Events\Event.h">
      <Filter>Lisa\Events</Filter>
    </ClInclude>
    <ClInclude Include="src\Lisa\Events\KeyEvent.h">
      <Filter>Lisa\Events</Filter>
    </ClInclude>
    <ClInclude Include="src\Lisa\Events\MouseEvent.h">
      <Filter>Lisa\Events</Filter>
    </ClInclude>
    <ClInclude Include="src\Lisa\Log.h">
      <Filter>Lisa</Filter>
    </ClInclude>
    <ClInclude Include="src\Lisa\Window.h">
      <Filter>Lisa</Filter>
    </ClInclude>
    <ClInclude Include="src\lspch.h" />
    <ClInclude Include="src\Platform\Windows\WindowsWindow.h">
      <Filter>Platform\Windows</Filter>
    </ClInclude>
  </ItemGroup>
  <ItemGroup>
    <ClCompile Include="src\Lisa\Application.cpp">
      <Filter>Lisa</Filter>
    </ClCompile>
    <ClCompile Include="src\Lisa\Core.cpp">
      <Filter>Lisa</Filter>
    </ClCompile>
    <ClCompile Include="src\Lisa\Log.cpp">
      <Filter>Lisa</Filter>
    </ClCompile>
    <ClCompile Include="src\lspch.cpp" />
    <ClCompile Include="src\Platform\Windows\WindowsWindow.cpp">
      <Filter>Platform\Windows</Filter>
    </ClCompile>
  </ItemGroup>
</Project>