<?xml version="1.0" encoding="utf-8"?>
<Project ToolsVersion="4.0" xmlns="http://schemas.microsoft.com/developer/msbuild/2003">
  <ItemGroup>
    <Filter Include="Lisa">
      <UniqueIdentifier>{2E8A887C-1AC1-890D-C3AD-6F10AFC3050F}</UniqueIdentifier>
    </Filter>
    <Filter Include="Lisa\Events">
      <UniqueIdentifier>{d422d7ee-2a92-4bed-9831-3dd6d429a074}</UniqueIdentifier>
    </Filter>
  </ItemGroup>
  <ItemGroup>
    <ClInclude Include="src\Lisa.h" />
    <ClInclude Include="src\Lisa\Application.h">
      <Filter>Lisa</Filter>
    </ClInclude>
    <ClInclude Include="src\Lisa\Core.h">
      <Filter>Lisa</Filter>
    </ClInclude>
    <ClInclude Include="src\Lisa\EntryPoint.h">
      <Filter>Lisa</Filter>
    </ClInclude>
    <ClInclude Include="src\Lisa\Log.h">
      <Filter>Lisa</Filter>
    </ClInclude>
    <ClInclude Include="src\Lisa\Events\KeyEvent.h">
      <Filter>Lisa\Events</Filter>
    </ClInclude>
    <ClInclude Include="src\Lisa\Events\MouseEvent.h">
      <Filter>Lisa\Events</Filter>
    </ClInclude>
    <ClInclude Include="src\Lisa\Events\Event.h">
      <Filter>Lisa\Events</Filter>
    </ClInclude>
    <ClInclude Include="src\Lisa\Events\ApplicationEvent.h">
      <Filter>Lisa\Events</Filter>
    </ClInclude>
  </ItemGroup>
  <ItemGroup>
    <ClCompile Include="src\Lisa\Application.cpp">
      <Filter>Lisa</Filter>
    </ClCompile>
    <ClCompile Include="src\Lisa\Core.cpp">
      <Filter>Lisa</Filter>
    </ClCompile>
    <ClCompile Include="src\Lisa\Log.cpp">
      <Filter>Lisa</Filter>
    </ClCompile>
  </ItemGroup>
  <ItemGroup>
    <ResourceCompile Include="Lisa.rc" />
  </ItemGroup>
</Project>