<?xml version="1.0" encoding="utf-8"?>
<Project ToolsVersion="4.0" xmlns="http://schemas.microsoft.com/developer/msbuild/2003">
  <ItemGroup>
    <Filter Include="Lisa">
      <UniqueIdentifier>{2E8A887C-1AC1-890D-C3AD-6F10AFC3050F}</UniqueIdentifier>
    </Filter>
    <Filter Include="Lisa\Events">
      <UniqueIdentifier>{523693CF-BEEB-0BC5-47E0-059CB39402C9}</UniqueIdentifier>
    </Filter>
    <Filter Include="Platform">
      <UniqueIdentifier>{2AC788B4-1694-E3BF-3FAD-D1672BD9184E}</UniqueIdentifier>
    </Filter>
    <Filter Include="Platform\Windows">
      <UniqueIdentifier>{64FBD71A-50F4-F66C-7926-DCF1657ED678}</UniqueIdentifier>
    </Filter>
  </ItemGroup>
  <ItemGroup>
    <ClInclude Include="src\Lisa.h" />
    <ClInclude Include="src\Lisa\Application.h">
      <Filter>Lisa</Filter>
    </ClInclude>
    <ClInclude Include="src\Lisa\Core.h">
      <Filter>Lisa</Filter>
    </ClInclude>
    <ClInclude Include="src\Lisa\EntryPoint.h">
      <Filter>Lisa</Filter>
    </ClInclude>
    <ClInclude Include="src\Lisa\Events\ApplicationEvent.h">
      <Filter>Lisa\Events</Filter>
    </ClInclude>
    <ClInclude Include="src\Lisa\Events\Event.h">
      <Filter>Lisa\Events</Filter>
    </ClInclude>
    <ClInclude Include="src\Lisa\Events\KeyEvent.h">
      <Filter>Lisa\Events</Filter>
    </ClInclude>
    <ClInclude Include="src\Lisa\Events\MouseEvent.h">
      <Filter>Lisa\Events</Filter>
    </ClInclude>
    <ClInclude Include="src\Lisa\Log.h">
      <Filter>Lisa</Filter>
    </ClInclude>
    <ClInclude Include="src\Lisa\Window.h">
      <Filter>Lisa</Filter>
    </ClInclude>
    <ClInclude Include="src\Platform\Windows\WindowsWindow.h">
      <Filter>Platform\Windows</Filter>
    </ClInclude>
    <ClInclude Include="src\lspch.h" />
    <ClInclude Include="src\Lisa\Layer.h">
      <Filter>Lisa</Filter>
    </ClInclude>
    <ClInclude Include="src\Lisa\LayerStack.h">
      <Filter>Lisa</Filter>
    </ClInclude>
  </ItemGroup>
  <ItemGroup>
    <ClCompile Include="src\Lisa\Application.cpp">
      <Filter>Lisa</Filter>
    </ClCompile>
    <ClCompile Include="src\Lisa\Core.cpp">
      <Filter>Lisa</Filter>
    </ClCompile>
    <ClCompile Include="src\Lisa\Log.cpp">
      <Filter>Lisa</Filter>
    </ClCompile>
    <ClCompile Include="src\Platform\Windows\WindowsWindow.cpp">
      <Filter>Platform\Windows</Filter>
    </ClCompile>
    <ClCompile Include="src\lspch.cpp" />
    <ClCompile Include="src\Lisa\Layer.cpp">
      <Filter>Lisa</Filter>
    </ClCompile>
    <ClCompile Include="src\Lisa\LayerStack.cpp">
      <Filter>Lisa</Filter>
    </ClCompile>
  </ItemGroup>
</Project>